// !$*UTF8*$!
{
	archiveVersion = 1;
	classes = {
	};
	objectVersion = 46;
	objects = {

/* Begin PBXBuildFile section */
		D71C03E519DCE3A1006F3659 /* YRStatusTopView.m in Sources */ = {isa = PBXBuildFile; fileRef = D71C03E419DCE3A1006F3659 /* YRStatusTopView.m */; };
		D71C03E819DCE4B5006F3659 /* YRRetweetedStatusView.m in Sources */ = {isa = PBXBuildFile; fileRef = D71C03E719DCE4B5006F3659 /* YRRetweetedStatusView.m */; };
		D71C03EB19DD2594006F3659 /* YRPhoto.m in Sources */ = {isa = PBXBuildFile; fileRef = D71C03EA19DD2594006F3659 /* YRPhoto.m */; };
		D71C03EE19DD26D1006F3659 /* YRPhotosView.m in Sources */ = {isa = PBXBuildFile; fileRef = D71C03ED19DD26D1006F3659 /* YRPhotosView.m */; };
		D71C03F119DD26E0006F3659 /* YRPhotoView.m in Sources */ = {isa = PBXBuildFile; fileRef = D71C03F019DD26E0006F3659 /* YRPhotoView.m */; };
		D7553BA519DB849200E327D4 /* Foundation.framework in Frameworks */ = {isa = PBXBuildFile; fileRef = D7553BA419DB849200E327D4 /* Foundation.framework */; };
		D7553BA719DB849200E327D4 /* CoreGraphics.framework in Frameworks */ = {isa = PBXBuildFile; fileRef = D7553BA619DB849200E327D4 /* CoreGraphics.framework */; };
		D7553BA919DB849200E327D4 /* UIKit.framework in Frameworks */ = {isa = PBXBuildFile; fileRef = D7553BA819DB849200E327D4 /* UIKit.framework */; };
		D7553BAF19DB849200E327D4 /* InfoPlist.strings in Resources */ = {isa = PBXBuildFile; fileRef = D7553BAD19DB849200E327D4 /* InfoPlist.strings */; };
		D7553BB119DB849200E327D4 /* main.m in Sources */ = {isa = PBXBuildFile; fileRef = D7553BB019DB849200E327D4 /* main.m */; };
		D7553BB519DB849200E327D4 /* YRAppDelegate.m in Sources */ = {isa = PBXBuildFile; fileRef = D7553BB419DB849200E327D4 /* YRAppDelegate.m */; };
		D7553BBE19DB849200E327D4 /* XCTest.framework in Frameworks */ = {isa = PBXBuildFile; fileRef = D7553BBD19DB849200E327D4 /* XCTest.framework */; };
		D7553BBF19DB849200E327D4 /* Foundation.framework in Frameworks */ = {isa = PBXBuildFile; fileRef = D7553BA419DB849200E327D4 /* Foundation.framework */; };
		D7553BC019DB849200E327D4 /* UIKit.framework in Frameworks */ = {isa = PBXBuildFile; fileRef = D7553BA819DB849200E327D4 /* UIKit.framework */; };
		D7553BC819DB849200E327D4 /* InfoPlist.strings in Resources */ = {isa = PBXBuildFile; fileRef = D7553BC619DB849200E327D4 /* InfoPlist.strings */; };
		D7553BCA19DB849200E327D4 /* YR1001WeiboDemoTests.m in Sources */ = {isa = PBXBuildFile; fileRef = D7553BC919DB849200E327D4 /* YR1001WeiboDemoTests.m */; };
		D7553C1B19DB84BC00E327D4 /* YRHomeViewController.m in Sources */ = {isa = PBXBuildFile; fileRef = D7553BD619DB84BC00E327D4 /* YRHomeViewController.m */; };
		D7553C1C19DB84BC00E327D4 /* YRStatus.m in Sources */ = {isa = PBXBuildFile; fileRef = D7553BD919DB84BC00E327D4 /* YRStatus.m */; };
		D7553C1D19DB84BC00E327D4 /* YRStatusCell.m in Sources */ = {isa = PBXBuildFile; fileRef = D7553BDB19DB84BC00E327D4 /* YRStatusCell.m */; };
		D7553C1E19DB84BC00E327D4 /* YRStatusFrame.m in Sources */ = {isa = PBXBuildFile; fileRef = D7553BDD19DB84BC00E327D4 /* YRStatusFrame.m */; };
		D7553C1F19DB84BC00E327D4 /* YRRCAButton.m in Sources */ = {isa = PBXBuildFile; fileRef = D7553BE019DB84BC00E327D4 /* YRRCAButton.m */; };
		D7553C2019DB84BC00E327D4 /* YRGuideViewController.m in Sources */ = {isa = PBXBuildFile; fileRef = D7553BE419DB84BC00E327D4 /* YRGuideViewController.m */; };
		D7553C2119DB84BC00E327D4 /* YRLoginViewController.m in Sources */ = {isa = PBXBuildFile; fileRef = D7553BE719DB84BC00E327D4 /* YRLoginViewController.m */; };
		D7553C2219DB84BC00E327D4 /* YRMainViewController.m in Sources */ = {isa = PBXBuildFile; fileRef = D7553BEC19DB84BC00E327D4 /* YRMainViewController.m */; };
		D7553C2319DB84BC00E327D4 /* YRSinaWeiboDelegate.m in Sources */ = {isa = PBXBuildFile; fileRef = D7553BEE19DB84BC00E327D4 /* YRSinaWeiboDelegate.m */; };
		D7553C2419DB84BC00E327D4 /* YRViewControllerMangers.m in Sources */ = {isa = PBXBuildFile; fileRef = D7553BF019DB84BC00E327D4 /* YRViewControllerMangers.m */; };
		D7553C2519DB84BC00E327D4 /* UIBarButtonItem+Custom.m in Sources */ = {isa = PBXBuildFile; fileRef = D7553BF319DB84BC00E327D4 /* UIBarButtonItem+Custom.m */; };
		D7553C2619DB84BC00E327D4 /* YRCustomTabBar.m in Sources */ = {isa = PBXBuildFile; fileRef = D7553BF519DB84BC00E327D4 /* YRCustomTabBar.m */; };
		D7553C2719DB84BC00E327D4 /* YRCustomTabBarButton.m in Sources */ = {isa = PBXBuildFile; fileRef = D7553BF719DB84BC00E327D4 /* YRCustomTabBarButton.m */; };
		D7553C2819DB84BC00E327D4 /* YRMeViewController.m in Sources */ = {isa = PBXBuildFile; fileRef = D7553BFB19DB84BC00E327D4 /* YRMeViewController.m */; };
		D7553C2B19DB84BC00E327D4 /* Images.xcassets in Resources */ = {isa = PBXBuildFile; fileRef = D7553C0719DB84BC00E327D4 /* Images.xcassets */; };
		D7553C2E19DB84BC00E327D4 /* JSONKit.m in Sources */ = {isa = PBXBuildFile; fileRef = D7553C0E19DB84BC00E327D4 /* JSONKit.m */; settings = {COMPILER_FLAGS = "-fno-objc-arc"; }; };
		D7553C2F19DB84BC00E327D4 /* SinaWeibo.bundle in Resources */ = {isa = PBXBuildFile; fileRef = D7553C1019DB84BC00E327D4 /* SinaWeibo.bundle */; };
		D7553C3019DB84BC00E327D4 /* SinaWeibo.m in Sources */ = {isa = PBXBuildFile; fileRef = D7553C1219DB84BC00E327D4 /* SinaWeibo.m */; settings = {COMPILER_FLAGS = "-fno-objc-arc"; }; };
		D7553C3119DB84BC00E327D4 /* SinaWeiboAuthorizeView.m in Sources */ = {isa = PBXBuildFile; fileRef = D7553C1419DB84BC00E327D4 /* SinaWeiboAuthorizeView.m */; settings = {COMPILER_FLAGS = "-fno-objc-arc"; }; };
		D7553C3219DB84BC00E327D4 /* SinaWeiboRequest.m in Sources */ = {isa = PBXBuildFile; fileRef = D7553C1719DB84BC00E327D4 /* SinaWeiboRequest.m */; settings = {COMPILER_FLAGS = "-fno-objc-arc"; }; };
		D7553C3319DB84BC00E327D4 /* NSString+TimeGap.m in Sources */ = {isa = PBXBuildFile; fileRef = D7553C1A19DB84BC00E327D4 /* NSString+TimeGap.m */; };
		D7553C3619DB85C800E327D4 /* XMLDictionary.m in Sources */ = {isa = PBXBuildFile; fileRef = D7553C3519DB85C800E327D4 /* XMLDictionary.m */; };
		D7553C3919DB86A500E327D4 /* UIImage+Resize.m in Sources */ = {isa = PBXBuildFile; fileRef = D7553C3819DB86A500E327D4 /* UIImage+Resize.m */; };
		D7553C3C19DB874800E327D4 /* YRMessageViewController.m in Sources */ = {isa = PBXBuildFile; fileRef = D7553C3B19DB874800E327D4 /* YRMessageViewController.m */; };
		D7553C4219DB884C00E327D4 /* NSString+Size.m in Sources */ = {isa = PBXBuildFile; fileRef = D7553C4119DB884C00E327D4 /* NSString+Size.m */; };
		D7553C4519DB88F200E327D4 /* CustomTitleButton.m in Sources */ = {isa = PBXBuildFile; fileRef = D7553C4419DB88F200E327D4 /* CustomTitleButton.m */; };
		D7553C5E19DB98CB00E327D4 /* MJArgument.m in Sources */ = {isa = PBXBuildFile; fileRef = D7553C4C19DB98CB00E327D4 /* MJArgument.m */; };
		D7553C5F19DB98CB00E327D4 /* MJIvar.m in Sources */ = {isa = PBXBuildFile; fileRef = D7553C4F19DB98CB00E327D4 /* MJIvar.m */; };
		D7553C6019DB98CB00E327D4 /* MJMember.m in Sources */ = {isa = PBXBuildFile; fileRef = D7553C5119DB98CB00E327D4 /* MJMember.m */; };
		D7553C6119DB98CB00E327D4 /* MJMethod.m in Sources */ = {isa = PBXBuildFile; fileRef = D7553C5319DB98CB00E327D4 /* MJMethod.m */; };
		D7553C6219DB98CB00E327D4 /* MJType.m in Sources */ = {isa = PBXBuildFile; fileRef = D7553C5519DB98CB00E327D4 /* MJType.m */; };
		D7553C6319DB98CB00E327D4 /* MJTypeEncoding.m in Sources */ = {isa = PBXBuildFile; fileRef = D7553C5719DB98CB00E327D4 /* MJTypeEncoding.m */; };
		D7553C6419DB98CB00E327D4 /* NSObject+MJCoding.m in Sources */ = {isa = PBXBuildFile; fileRef = D7553C5919DB98CB00E327D4 /* NSObject+MJCoding.m */; };
		D7553C6519DB98CB00E327D4 /* NSObject+MJKeyValue.m in Sources */ = {isa = PBXBuildFile; fileRef = D7553C5B19DB98CB00E327D4 /* NSObject+MJKeyValue.m */; };
		D7553C6619DB98CB00E327D4 /* NSObject+MJMember.m in Sources */ = {isa = PBXBuildFile; fileRef = D7553C5D19DB98CB00E327D4 /* NSObject+MJMember.m */; };
		D7553C8519DBB3A400E327D4 /* MKAnnotationView+WebCache.m in Sources */ = {isa = PBXBuildFile; fileRef = D7553C6919DBB3A400E327D4 /* MKAnnotationView+WebCache.m */; };
		D7553C8619DBB3A400E327D4 /* NSData+ImageContentType.m in Sources */ = {isa = PBXBuildFile; fileRef = D7553C6B19DBB3A400E327D4 /* NSData+ImageContentType.m */; };
		D7553C8719DBB3A400E327D4 /* SDImageCache.m in Sources */ = {isa = PBXBuildFile; fileRef = D7553C6D19DBB3A400E327D4 /* SDImageCache.m */; };
		D7553C8819DBB3A400E327D4 /* SDWebImageCompat.m in Sources */ = {isa = PBXBuildFile; fileRef = D7553C6F19DBB3A400E327D4 /* SDWebImageCompat.m */; };
		D7553C8919DBB3A400E327D4 /* SDWebImageDecoder.m in Sources */ = {isa = PBXBuildFile; fileRef = D7553C7119DBB3A400E327D4 /* SDWebImageDecoder.m */; };
		D7553C8A19DBB3A400E327D4 /* SDWebImageDownloader.m in Sources */ = {isa = PBXBuildFile; fileRef = D7553C7319DBB3A400E327D4 /* SDWebImageDownloader.m */; };
		D7553C8B19DBB3A400E327D4 /* SDWebImageDownloaderOperation.m in Sources */ = {isa = PBXBuildFile; fileRef = D7553C7519DBB3A400E327D4 /* SDWebImageDownloaderOperation.m */; };
		D7553C8C19DBB3A400E327D4 /* SDWebImageManager.m in Sources */ = {isa = PBXBuildFile; fileRef = D7553C7719DBB3A400E327D4 /* SDWebImageManager.m */; };
		D7553C8D19DBB3A400E327D4 /* SDWebImagePrefetcher.m in Sources */ = {isa = PBXBuildFile; fileRef = D7553C7A19DBB3A400E327D4 /* SDWebImagePrefetcher.m */; };
		D7553C8E19DBB3A400E327D4 /* UIButton+WebCache.m in Sources */ = {isa = PBXBuildFile; fileRef = D7553C7C19DBB3A400E327D4 /* UIButton+WebCache.m */; };
		D7553C8F19DBB3A400E327D4 /* UIImage+GIF.m in Sources */ = {isa = PBXBuildFile; fileRef = D7553C7E19DBB3A400E327D4 /* UIImage+GIF.m */; };
		D7553C9019DBB3A400E327D4 /* UIImage+MultiFormat.m in Sources */ = {isa = PBXBuildFile; fileRef = D7553C8019DBB3A400E327D4 /* UIImage+MultiFormat.m */; };
		D7553C9119DBB3A400E327D4 /* UIImage+WebP.m in Sources */ = {isa = PBXBuildFile; fileRef = D7553C8219DBB3A400E327D4 /* UIImage+WebP.m */; };
		D7553C9219DBB3A400E327D4 /* UIImageView+WebCache.m in Sources */ = {isa = PBXBuildFile; fileRef = D7553C8419DBB3A400E327D4 /* UIImageView+WebCache.m */; };
		D7553C9519DBBDCC00E327D4 /* YRUser.m in Sources */ = {isa = PBXBuildFile; fileRef = D7553C9419DBBDCC00E327D4 /* YRUser.m */; };
		D7F8BAF919DC4A5A008C25FD /* YRStatusToolBar.m in Sources */ = {isa = PBXBuildFile; fileRef = D7F8BAF819DC4A5A008C25FD /* YRStatusToolBar.m */; };
/* End PBXBuildFile section */

/* Begin PBXContainerItemProxy section */
		D7553BC119DB849200E327D4 /* PBXContainerItemProxy */ = {
			isa = PBXContainerItemProxy;
			containerPortal = D7553B9919DB849200E327D4 /* Project object */;
			proxyType = 1;
			remoteGlobalIDString = D7553BA019DB849200E327D4;
			remoteInfo = YR1001WeiboDemo;
		};
/* End PBXContainerItemProxy section */

/* Begin PBXFileReference section */
		D71C03E319DCE3A1006F3659 /* YRStatusTopView.h */ = {isa = PBXFileReference; fileEncoding = 4; lastKnownFileType = sourcecode.c.h; path = YRStatusTopView.h; sourceTree = "<group>"; };
		D71C03E419DCE3A1006F3659 /* YRStatusTopView.m */ = {isa = PBXFileReference; fileEncoding = 4; lastKnownFileType = sourcecode.c.objc; path = YRStatusTopView.m; sourceTree = "<group>"; };
		D71C03E619DCE4B5006F3659 /* YRRetweetedStatusView.h */ = {isa = PBXFileReference; fileEncoding = 4; lastKnownFileType = sourcecode.c.h; path = YRRetweetedStatusView.h; sourceTree = "<group>"; };
		D71C03E719DCE4B5006F3659 /* YRRetweetedStatusView.m */ = {isa = PBXFileReference; fileEncoding = 4; lastKnownFileType = sourcecode.c.objc; path = YRRetweetedStatusView.m; sourceTree = "<group>"; };
		D71C03E919DD2594006F3659 /* YRPhoto.h */ = {isa = PBXFileReference; fileEncoding = 4; lastKnownFileType = sourcecode.c.h; path = YRPhoto.h; sourceTree = "<group>"; };
		D71C03EA19DD2594006F3659 /* YRPhoto.m */ = {isa = PBXFileReference; fileEncoding = 4; lastKnownFileType = sourcecode.c.objc; path = YRPhoto.m; sourceTree = "<group>"; };
		D71C03EC19DD26D0006F3659 /* YRPhotosView.h */ = {isa = PBXFileReference; fileEncoding = 4; lastKnownFileType = sourcecode.c.h; path = YRPhotosView.h; sourceTree = "<group>"; };
		D71C03ED19DD26D1006F3659 /* YRPhotosView.m */ = {isa = PBXFileReference; fileEncoding = 4; lastKnownFileType = sourcecode.c.objc; path = YRPhotosView.m; sourceTree = "<group>"; };
		D71C03EF19DD26E0006F3659 /* YRPhotoView.h */ = {isa = PBXFileReference; fileEncoding = 4; lastKnownFileType = sourcecode.c.h; path = YRPhotoView.h; sourceTree = "<group>"; };
		D71C03F019DD26E0006F3659 /* YRPhotoView.m */ = {isa = PBXFileReference; fileEncoding = 4; lastKnownFileType = sourcecode.c.objc; path = YRPhotoView.m; sourceTree = "<group>"; };
		D7553BA119DB849200E327D4 /* YR1001WeiboDemo.app */ = {isa = PBXFileReference; explicitFileType = wrapper.application; includeInIndex = 0; path = YR1001WeiboDemo.app; sourceTree = BUILT_PRODUCTS_DIR; };
		D7553BA419DB849200E327D4 /* Foundation.framework */ = {isa = PBXFileReference; lastKnownFileType = wrapper.framework; name = Foundation.framework; path = System/Library/Frameworks/Foundation.framework; sourceTree = SDKROOT; };
		D7553BA619DB849200E327D4 /* CoreGraphics.framework */ = {isa = PBXFileReference; lastKnownFileType = wrapper.framework; name = CoreGraphics.framework; path = System/Library/Frameworks/CoreGraphics.framework; sourceTree = SDKROOT; };
		D7553BA819DB849200E327D4 /* UIKit.framework */ = {isa = PBXFileReference; lastKnownFileType = wrapper.framework; name = UIKit.framework; path = System/Library/Frameworks/UIKit.framework; sourceTree = SDKROOT; };
		D7553BAC19DB849200E327D4 /* YR1001WeiboDemo-Info.plist */ = {isa = PBXFileReference; lastKnownFileType = text.plist.xml; path = "YR1001WeiboDemo-Info.plist"; sourceTree = "<group>"; };
		D7553BAE19DB849200E327D4 /* en */ = {isa = PBXFileReference; lastKnownFileType = text.plist.strings; name = en; path = en.lproj/InfoPlist.strings; sourceTree = "<group>"; };
		D7553BB019DB849200E327D4 /* main.m */ = {isa = PBXFileReference; lastKnownFileType = sourcecode.c.objc; path = main.m; sourceTree = "<group>"; };
		D7553BB219DB849200E327D4 /* YR1001WeiboDemo-Prefix.pch */ = {isa = PBXFileReference; lastKnownFileType = sourcecode.c.h; path = "YR1001WeiboDemo-Prefix.pch"; sourceTree = "<group>"; };
		D7553BB319DB849200E327D4 /* YRAppDelegate.h */ = {isa = PBXFileReference; lastKnownFileType = sourcecode.c.h; path = YRAppDelegate.h; sourceTree = "<group>"; };
		D7553BB419DB849200E327D4 /* YRAppDelegate.m */ = {isa = PBXFileReference; lastKnownFileType = sourcecode.c.objc; path = YRAppDelegate.m; sourceTree = "<group>"; };
		D7553BBC19DB849200E327D4 /* YR1001WeiboDemoTests.xctest */ = {isa = PBXFileReference; explicitFileType = wrapper.cfbundle; includeInIndex = 0; path = YR1001WeiboDemoTests.xctest; sourceTree = BUILT_PRODUCTS_DIR; };
		D7553BBD19DB849200E327D4 /* XCTest.framework */ = {isa = PBXFileReference; lastKnownFileType = wrapper.framework; name = XCTest.framework; path = Library/Frameworks/XCTest.framework; sourceTree = DEVELOPER_DIR; };
		D7553BC519DB849200E327D4 /* YR1001WeiboDemoTests-Info.plist */ = {isa = PBXFileReference; lastKnownFileType = text.plist.xml; path = "YR1001WeiboDemoTests-Info.plist"; sourceTree = "<group>"; };
		D7553BC719DB849200E327D4 /* en */ = {isa = PBXFileReference; lastKnownFileType = text.plist.strings; name = en; path = en.lproj/InfoPlist.strings; sourceTree = "<group>"; };
		D7553BC919DB849200E327D4 /* YR1001WeiboDemoTests.m */ = {isa = PBXFileReference; lastKnownFileType = sourcecode.c.objc; path = YR1001WeiboDemoTests.m; sourceTree = "<group>"; };
		D7553BD519DB84BC00E327D4 /* YRHomeViewController.h */ = {isa = PBXFileReference; fileEncoding = 4; lastKnownFileType = sourcecode.c.h; path = YRHomeViewController.h; sourceTree = "<group>"; };
		D7553BD619DB84BC00E327D4 /* YRHomeViewController.m */ = {isa = PBXFileReference; fileEncoding = 4; lastKnownFileType = sourcecode.c.objc; path = YRHomeViewController.m; sourceTree = "<group>"; };
		D7553BD819DB84BC00E327D4 /* YRStatus.h */ = {isa = PBXFileReference; fileEncoding = 4; lastKnownFileType = sourcecode.c.h; path = YRStatus.h; sourceTree = "<group>"; };
		D7553BD919DB84BC00E327D4 /* YRStatus.m */ = {isa = PBXFileReference; fileEncoding = 4; lastKnownFileType = sourcecode.c.objc; path = YRStatus.m; sourceTree = "<group>"; };
		D7553BDA19DB84BC00E327D4 /* YRStatusCell.h */ = {isa = PBXFileReference; fileEncoding = 4; lastKnownFileType = sourcecode.c.h; name = YRStatusCell.h; path = ../Model/YRStatusCell.h; sourceTree = "<group>"; };
		D7553BDB19DB84BC00E327D4 /* YRStatusCell.m */ = {isa = PBXFileReference; fileEncoding = 4; lastKnownFileType = sourcecode.c.objc; name = YRStatusCell.m; path = ../Model/YRStatusCell.m; sourceTree = "<group>"; };
		D7553BDC19DB84BC00E327D4 /* YRStatusFrame.h */ = {isa = PBXFileReference; fileEncoding = 4; lastKnownFileType = sourcecode.c.h; path = YRStatusFrame.h; sourceTree = "<group>"; };
		D7553BDD19DB84BC00E327D4 /* YRStatusFrame.m */ = {isa = PBXFileReference; fileEncoding = 4; lastKnownFileType = sourcecode.c.objc; path = YRStatusFrame.m; sourceTree = "<group>"; };
		D7553BDF19DB84BC00E327D4 /* YRRCAButton.h */ = {isa = PBXFileReference; fileEncoding = 4; lastKnownFileType = sourcecode.c.h; path = YRRCAButton.h; sourceTree = "<group>"; };
		D7553BE019DB84BC00E327D4 /* YRRCAButton.m */ = {isa = PBXFileReference; fileEncoding = 4; lastKnownFileType = sourcecode.c.objc; path = YRRCAButton.m; sourceTree = "<group>"; };
		D7553BE319DB84BC00E327D4 /* YRGuideViewController.h */ = {isa = PBXFileReference; fileEncoding = 4; lastKnownFileType = sourcecode.c.h; path = YRGuideViewController.h; sourceTree = "<group>"; };
		D7553BE419DB84BC00E327D4 /* YRGuideViewController.m */ = {isa = PBXFileReference; fileEncoding = 4; lastKnownFileType = sourcecode.c.objc; path = YRGuideViewController.m; sourceTree = "<group>"; };
		D7553BE619DB84BC00E327D4 /* YRLoginViewController.h */ = {isa = PBXFileReference; fileEncoding = 4; lastKnownFileType = sourcecode.c.h; path = YRLoginViewController.h; sourceTree = "<group>"; };
		D7553BE719DB84BC00E327D4 /* YRLoginViewController.m */ = {isa = PBXFileReference; fileEncoding = 4; lastKnownFileType = sourcecode.c.objc; path = YRLoginViewController.m; sourceTree = "<group>"; };
		D7553BE919DB84BC00E327D4 /* ContentDefin.h */ = {isa = PBXFileReference; fileEncoding = 4; lastKnownFileType = sourcecode.c.h; path = ContentDefin.h; sourceTree = "<group>"; };
		D7553BEB19DB84BC00E327D4 /* YRMainViewController.h */ = {isa = PBXFileReference; fileEncoding = 4; lastKnownFileType = sourcecode.c.h; path = YRMainViewController.h; sourceTree = "<group>"; };
		D7553BEC19DB84BC00E327D4 /* YRMainViewController.m */ = {isa = PBXFileReference; fileEncoding = 4; lastKnownFileType = sourcecode.c.objc; path = YRMainViewController.m; sourceTree = "<group>"; };
		D7553BED19DB84BC00E327D4 /* YRSinaWeiboDelegate.h */ = {isa = PBXFileReference; fileEncoding = 4; lastKnownFileType = sourcecode.c.h; path = YRSinaWeiboDelegate.h; sourceTree = "<group>"; };
		D7553BEE19DB84BC00E327D4 /* YRSinaWeiboDelegate.m */ = {isa = PBXFileReference; fileEncoding = 4; lastKnownFileType = sourcecode.c.objc; path = YRSinaWeiboDelegate.m; sourceTree = "<group>"; };
		D7553BEF19DB84BC00E327D4 /* YRViewControllerMangers.h */ = {isa = PBXFileReference; fileEncoding = 4; lastKnownFileType = sourcecode.c.h; path = YRViewControllerMangers.h; sourceTree = "<group>"; };
		D7553BF019DB84BC00E327D4 /* YRViewControllerMangers.m */ = {isa = PBXFileReference; fileEncoding = 4; lastKnownFileType = sourcecode.c.objc; path = YRViewControllerMangers.m; sourceTree = "<group>"; };
		D7553BF219DB84BC00E327D4 /* UIBarButtonItem+Custom.h */ = {isa = PBXFileReference; fileEncoding = 4; lastKnownFileType = sourcecode.c.h; path = "UIBarButtonItem+Custom.h"; sourceTree = "<group>"; };
		D7553BF319DB84BC00E327D4 /* UIBarButtonItem+Custom.m */ = {isa = PBXFileReference; fileEncoding = 4; lastKnownFileType = sourcecode.c.objc; path = "UIBarButtonItem+Custom.m"; sourceTree = "<group>"; };
		D7553BF419DB84BC00E327D4 /* YRCustomTabBar.h */ = {isa = PBXFileReference; fileEncoding = 4; lastKnownFileType = sourcecode.c.h; path = YRCustomTabBar.h; sourceTree = "<group>"; };
		D7553BF519DB84BC00E327D4 /* YRCustomTabBar.m */ = {isa = PBXFileReference; fileEncoding = 4; lastKnownFileType = sourcecode.c.objc; path = YRCustomTabBar.m; sourceTree = "<group>"; };
		D7553BF619DB84BC00E327D4 /* YRCustomTabBarButton.h */ = {isa = PBXFileReference; fileEncoding = 4; lastKnownFileType = sourcecode.c.h; path = YRCustomTabBarButton.h; sourceTree = "<group>"; };
		D7553BF719DB84BC00E327D4 /* YRCustomTabBarButton.m */ = {isa = PBXFileReference; fileEncoding = 4; lastKnownFileType = sourcecode.c.objc; path = YRCustomTabBarButton.m; sourceTree = "<group>"; };
		D7553BFA19DB84BC00E327D4 /* YRMeViewController.h */ = {isa = PBXFileReference; fileEncoding = 4; lastKnownFileType = sourcecode.c.h; path = YRMeViewController.h; sourceTree = "<group>"; };
		D7553BFB19DB84BC00E327D4 /* YRMeViewController.m */ = {isa = PBXFileReference; fileEncoding = 4; lastKnownFileType = sourcecode.c.objc; path = YRMeViewController.m; sourceTree = "<group>"; };
		D7553C0719DB84BC00E327D4 /* Images.xcassets */ = {isa = PBXFileReference; lastKnownFileType = folder.assetcatalog; path = Images.xcassets; sourceTree = "<group>"; };
		D7553C0D19DB84BC00E327D4 /* JSONKit.h */ = {isa = PBXFileReference; fileEncoding = 4; lastKnownFileType = sourcecode.c.h; path = JSONKit.h; sourceTree = "<group>"; };
		D7553C0E19DB84BC00E327D4 /* JSONKit.m */ = {isa = PBXFileReference; fileEncoding = 4; lastKnownFileType = sourcecode.c.objc; path = JSONKit.m; sourceTree = "<group>"; };
		D7553C1019DB84BC00E327D4 /* SinaWeibo.bundle */ = {isa = PBXFileReference; lastKnownFileType = "wrapper.plug-in"; path = SinaWeibo.bundle; sourceTree = "<group>"; };
		D7553C1119DB84BC00E327D4 /* SinaWeibo.h */ = {isa = PBXFileReference; fileEncoding = 4; lastKnownFileType = sourcecode.c.h; path = SinaWeibo.h; sourceTree = "<group>"; };
		D7553C1219DB84BC00E327D4 /* SinaWeibo.m */ = {isa = PBXFileReference; fileEncoding = 4; lastKnownFileType = sourcecode.c.objc; path = SinaWeibo.m; sourceTree = "<group>"; };
		D7553C1319DB84BC00E327D4 /* SinaWeiboAuthorizeView.h */ = {isa = PBXFileReference; fileEncoding = 4; lastKnownFileType = sourcecode.c.h; path = SinaWeiboAuthorizeView.h; sourceTree = "<group>"; };
		D7553C1419DB84BC00E327D4 /* SinaWeiboAuthorizeView.m */ = {isa = PBXFileReference; fileEncoding = 4; lastKnownFileType = sourcecode.c.objc; path = SinaWeiboAuthorizeView.m; sourceTree = "<group>"; };
		D7553C1519DB84BC00E327D4 /* SinaWeiboConstants.h */ = {isa = PBXFileReference; fileEncoding = 4; lastKnownFileType = sourcecode.c.h; path = SinaWeiboConstants.h; sourceTree = "<group>"; };
		D7553C1619DB84BC00E327D4 /* SinaWeiboRequest.h */ = {isa = PBXFileReference; fileEncoding = 4; lastKnownFileType = sourcecode.c.h; path = SinaWeiboRequest.h; sourceTree = "<group>"; };
		D7553C1719DB84BC00E327D4 /* SinaWeiboRequest.m */ = {isa = PBXFileReference; fileEncoding = 4; lastKnownFileType = sourcecode.c.objc; path = SinaWeiboRequest.m; sourceTree = "<group>"; };
		D7553C1919DB84BC00E327D4 /* NSString+TimeGap.h */ = {isa = PBXFileReference; fileEncoding = 4; lastKnownFileType = sourcecode.c.h; path = "NSString+TimeGap.h"; sourceTree = "<group>"; };
		D7553C1A19DB84BC00E327D4 /* NSString+TimeGap.m */ = {isa = PBXFileReference; fileEncoding = 4; lastKnownFileType = sourcecode.c.objc; path = "NSString+TimeGap.m"; sourceTree = "<group>"; };
		D7553C3419DB85C800E327D4 /* XMLDictionary.h */ = {isa = PBXFileReference; fileEncoding = 4; lastKnownFileType = sourcecode.c.h; path = XMLDictionary.h; sourceTree = "<group>"; };
		D7553C3519DB85C800E327D4 /* XMLDictionary.m */ = {isa = PBXFileReference; fileEncoding = 4; lastKnownFileType = sourcecode.c.objc; path = XMLDictionary.m; sourceTree = "<group>"; };
		D7553C3719DB86A500E327D4 /* UIImage+Resize.h */ = {isa = PBXFileReference; fileEncoding = 4; lastKnownFileType = sourcecode.c.h; path = "UIImage+Resize.h"; sourceTree = "<group>"; };
		D7553C3819DB86A500E327D4 /* UIImage+Resize.m */ = {isa = PBXFileReference; fileEncoding = 4; lastKnownFileType = sourcecode.c.objc; path = "UIImage+Resize.m"; sourceTree = "<group>"; };
		D7553C3A19DB874800E327D4 /* YRMessageViewController.h */ = {isa = PBXFileReference; fileEncoding = 4; lastKnownFileType = sourcecode.c.h; path = YRMessageViewController.h; sourceTree = "<group>"; };
		D7553C3B19DB874800E327D4 /* YRMessageViewController.m */ = {isa = PBXFileReference; fileEncoding = 4; lastKnownFileType = sourcecode.c.objc; path = YRMessageViewController.m; sourceTree = "<group>"; };
		D7553C4019DB884C00E327D4 /* NSString+Size.h */ = {isa = PBXFileReference; fileEncoding = 4; lastKnownFileType = sourcecode.c.h; path = "NSString+Size.h"; sourceTree = "<group>"; };
		D7553C4119DB884C00E327D4 /* NSString+Size.m */ = {isa = PBXFileReference; fileEncoding = 4; lastKnownFileType = sourcecode.c.objc; path = "NSString+Size.m"; sourceTree = "<group>"; };
		D7553C4319DB88F200E327D4 /* CustomTitleButton.h */ = {isa = PBXFileReference; fileEncoding = 4; lastKnownFileType = sourcecode.c.h; path = CustomTitleButton.h; sourceTree = "<group>"; };
		D7553C4419DB88F200E327D4 /* CustomTitleButton.m */ = {isa = PBXFileReference; fileEncoding = 4; lastKnownFileType = sourcecode.c.objc; path = CustomTitleButton.m; sourceTree = "<group>"; };
		D7553C4B19DB98CB00E327D4 /* MJArgument.h */ = {isa = PBXFileReference; fileEncoding = 4; lastKnownFileType = sourcecode.c.h; path = MJArgument.h; sourceTree = "<group>"; };
		D7553C4C19DB98CB00E327D4 /* MJArgument.m */ = {isa = PBXFileReference; fileEncoding = 4; lastKnownFileType = sourcecode.c.objc; path = MJArgument.m; sourceTree = "<group>"; };
		D7553C4D19DB98CB00E327D4 /* MJExtension.h */ = {isa = PBXFileReference; fileEncoding = 4; lastKnownFileType = sourcecode.c.h; path = MJExtension.h; sourceTree = "<group>"; };
		D7553C4E19DB98CB00E327D4 /* MJIvar.h */ = {isa = PBXFileReference; fileEncoding = 4; lastKnownFileType = sourcecode.c.h; path = MJIvar.h; sourceTree = "<group>"; };
		D7553C4F19DB98CB00E327D4 /* MJIvar.m */ = {isa = PBXFileReference; fileEncoding = 4; lastKnownFileType = sourcecode.c.objc; path = MJIvar.m; sourceTree = "<group>"; };
		D7553C5019DB98CB00E327D4 /* MJMember.h */ = {isa = PBXFileReference; fileEncoding = 4; lastKnownFileType = sourcecode.c.h; path = MJMember.h; sourceTree = "<group>"; };
		D7553C5119DB98CB00E327D4 /* MJMember.m */ = {isa = PBXFileReference; fileEncoding = 4; lastKnownFileType = sourcecode.c.objc; path = MJMember.m; sourceTree = "<group>"; };
		D7553C5219DB98CB00E327D4 /* MJMethod.h */ = {isa = PBXFileReference; fileEncoding = 4; lastKnownFileType = sourcecode.c.h; path = MJMethod.h; sourceTree = "<group>"; };
		D7553C5319DB98CB00E327D4 /* MJMethod.m */ = {isa = PBXFileReference; fileEncoding = 4; lastKnownFileType = sourcecode.c.objc; path = MJMethod.m; sourceTree = "<group>"; };
		D7553C5419DB98CB00E327D4 /* MJType.h */ = {isa = PBXFileReference; fileEncoding = 4; lastKnownFileType = sourcecode.c.h; path = MJType.h; sourceTree = "<group>"; };
		D7553C5519DB98CB00E327D4 /* MJType.m */ = {isa = PBXFileReference; fileEncoding = 4; lastKnownFileType = sourcecode.c.objc; path = MJType.m; sourceTree = "<group>"; };
		D7553C5619DB98CB00E327D4 /* MJTypeEncoding.h */ = {isa = PBXFileReference; fileEncoding = 4; lastKnownFileType = sourcecode.c.h; path = MJTypeEncoding.h; sourceTree = "<group>"; };
		D7553C5719DB98CB00E327D4 /* MJTypeEncoding.m */ = {isa = PBXFileReference; fileEncoding = 4; lastKnownFileType = sourcecode.c.objc; path = MJTypeEncoding.m; sourceTree = "<group>"; };
		D7553C5819DB98CB00E327D4 /* NSObject+MJCoding.h */ = {isa = PBXFileReference; fileEncoding = 4; lastKnownFileType = sourcecode.c.h; path = "NSObject+MJCoding.h"; sourceTree = "<group>"; };
		D7553C5919DB98CB00E327D4 /* NSObject+MJCoding.m */ = {isa = PBXFileReference; fileEncoding = 4; lastKnownFileType = sourcecode.c.objc; path = "NSObject+MJCoding.m"; sourceTree = "<group>"; };
		D7553C5A19DB98CB00E327D4 /* NSObject+MJKeyValue.h */ = {isa = PBXFileReference; fileEncoding = 4; lastKnownFileType = sourcecode.c.h; path = "NSObject+MJKeyValue.h"; sourceTree = "<group>"; };
		D7553C5B19DB98CB00E327D4 /* NSObject+MJKeyValue.m */ = {isa = PBXFileReference; fileEncoding = 4; lastKnownFileType = sourcecode.c.objc; path = "NSObject+MJKeyValue.m"; sourceTree = "<group>"; };
		D7553C5C19DB98CB00E327D4 /* NSObject+MJMember.h */ = {isa = PBXFileReference; fileEncoding = 4; lastKnownFileType = sourcecode.c.h; path = "NSObject+MJMember.h"; sourceTree = "<group>"; };
		D7553C5D19DB98CB00E327D4 /* NSObject+MJMember.m */ = {isa = PBXFileReference; fileEncoding = 4; lastKnownFileType = sourcecode.c.objc; path = "NSObject+MJMember.m"; sourceTree = "<group>"; };
		D7553C6819DBB3A400E327D4 /* MKAnnotationView+WebCache.h */ = {isa = PBXFileReference; fileEncoding = 4; lastKnownFileType = sourcecode.c.h; path = "MKAnnotationView+WebCache.h"; sourceTree = "<group>"; };
		D7553C6919DBB3A400E327D4 /* MKAnnotationView+WebCache.m */ = {isa = PBXFileReference; fileEncoding = 4; lastKnownFileType = sourcecode.c.objc; path = "MKAnnotationView+WebCache.m"; sourceTree = "<group>"; };
		D7553C6A19DBB3A400E327D4 /* NSData+ImageContentType.h */ = {isa = PBXFileReference; fileEncoding = 4; lastKnownFileType = sourcecode.c.h; path = "NSData+ImageContentType.h"; sourceTree = "<group>"; };
		D7553C6B19DBB3A400E327D4 /* NSData+ImageContentType.m */ = {isa = PBXFileReference; fileEncoding = 4; lastKnownFileType = sourcecode.c.objc; path = "NSData+ImageContentType.m"; sourceTree = "<group>"; };
		D7553C6C19DBB3A400E327D4 /* SDImageCache.h */ = {isa = PBXFileReference; fileEncoding = 4; lastKnownFileType = sourcecode.c.h; path = SDImageCache.h; sourceTree = "<group>"; };
		D7553C6D19DBB3A400E327D4 /* SDImageCache.m */ = {isa = PBXFileReference; fileEncoding = 4; lastKnownFileType = sourcecode.c.objc; path = SDImageCache.m; sourceTree = "<group>"; };
		D7553C6E19DBB3A400E327D4 /* SDWebImageCompat.h */ = {isa = PBXFileReference; fileEncoding = 4; lastKnownFileType = sourcecode.c.h; path = SDWebImageCompat.h; sourceTree = "<group>"; };
		D7553C6F19DBB3A400E327D4 /* SDWebImageCompat.m */ = {isa = PBXFileReference; fileEncoding = 4; lastKnownFileType = sourcecode.c.objc; path = SDWebImageCompat.m; sourceTree = "<group>"; };
		D7553C7019DBB3A400E327D4 /* SDWebImageDecoder.h */ = {isa = PBXFileReference; fileEncoding = 4; lastKnownFileType = sourcecode.c.h; path = SDWebImageDecoder.h; sourceTree = "<group>"; };
		D7553C7119DBB3A400E327D4 /* SDWebImageDecoder.m */ = {isa = PBXFileReference; fileEncoding = 4; lastKnownFileType = sourcecode.c.objc; path = SDWebImageDecoder.m; sourceTree = "<group>"; };
		D7553C7219DBB3A400E327D4 /* SDWebImageDownloader.h */ = {isa = PBXFileReference; fileEncoding = 4; lastKnownFileType = sourcecode.c.h; path = SDWebImageDownloader.h; sourceTree = "<group>"; };
		D7553C7319DBB3A400E327D4 /* SDWebImageDownloader.m */ = {isa = PBXFileReference; fileEncoding = 4; lastKnownFileType = sourcecode.c.objc; path = SDWebImageDownloader.m; sourceTree = "<group>"; };
		D7553C7419DBB3A400E327D4 /* SDWebImageDownloaderOperation.h */ = {isa = PBXFileReference; fileEncoding = 4; lastKnownFileType = sourcecode.c.h; path = SDWebImageDownloaderOperation.h; sourceTree = "<group>"; };
		D7553C7519DBB3A400E327D4 /* SDWebImageDownloaderOperation.m */ = {isa = PBXFileReference; fileEncoding = 4; lastKnownFileType = sourcecode.c.objc; path = SDWebImageDownloaderOperation.m; sourceTree = "<group>"; };
		D7553C7619DBB3A400E327D4 /* SDWebImageManager.h */ = {isa = PBXFileReference; fileEncoding = 4; lastKnownFileType = sourcecode.c.h; path = SDWebImageManager.h; sourceTree = "<group>"; };
		D7553C7719DBB3A400E327D4 /* SDWebImageManager.m */ = {isa = PBXFileReference; fileEncoding = 4; lastKnownFileType = sourcecode.c.objc; path = SDWebImageManager.m; sourceTree = "<group>"; };
		D7553C7819DBB3A400E327D4 /* SDWebImageOperation.h */ = {isa = PBXFileReference; fileEncoding = 4; lastKnownFileType = sourcecode.c.h; path = SDWebImageOperation.h; sourceTree = "<group>"; };
		D7553C7919DBB3A400E327D4 /* SDWebImagePrefetcher.h */ = {isa = PBXFileReference; fileEncoding = 4; lastKnownFileType = sourcecode.c.h; path = SDWebImagePrefetcher.h; sourceTree = "<group>"; };
		D7553C7A19DBB3A400E327D4 /* SDWebImagePrefetcher.m */ = {isa = PBXFileReference; fileEncoding = 4; lastKnownFileType = sourcecode.c.objc; path = SDWebImagePrefetcher.m; sourceTree = "<group>"; };
		D7553C7B19DBB3A400E327D4 /* UIButton+WebCache.h */ = {isa = PBXFileReference; fileEncoding = 4; lastKnownFileType = sourcecode.c.h; path = "UIButton+WebCache.h"; sourceTree = "<group>"; };
		D7553C7C19DBB3A400E327D4 /* UIButton+WebCache.m */ = {isa = PBXFileReference; fileEncoding = 4; lastKnownFileType = sourcecode.c.objc; path = "UIButton+WebCache.m"; sourceTree = "<group>"; };
		D7553C7D19DBB3A400E327D4 /* UIImage+GIF.h */ = {isa = PBXFileReference; fileEncoding = 4; lastKnownFileType = sourcecode.c.h; path = "UIImage+GIF.h"; sourceTree = "<group>"; };
		D7553C7E19DBB3A400E327D4 /* UIImage+GIF.m */ = {isa = PBXFileReference; fileEncoding = 4; lastKnownFileType = sourcecode.c.objc; path = "UIImage+GIF.m"; sourceTree = "<group>"; };
		D7553C7F19DBB3A400E327D4 /* UIImage+MultiFormat.h */ = {isa = PBXFileReference; fileEncoding = 4; lastKnownFileType = sourcecode.c.h; path = "UIImage+MultiFormat.h"; sourceTree = "<group>"; };
		D7553C8019DBB3A400E327D4 /* UIImage+MultiFormat.m */ = {isa = PBXFileReference; fileEncoding = 4; lastKnownFileType = sourcecode.c.objc; path = "UIImage+MultiFormat.m"; sourceTree = "<group>"; };
		D7553C8119DBB3A400E327D4 /* UIImage+WebP.h */ = {isa = PBXFileReference; fileEncoding = 4; lastKnownFileType = sourcecode.c.h; path = "UIImage+WebP.h"; sourceTree = "<group>"; };
		D7553C8219DBB3A400E327D4 /* UIImage+WebP.m */ = {isa = PBXFileReference; fileEncoding = 4; lastKnownFileType = sourcecode.c.objc; path = "UIImage+WebP.m"; sourceTree = "<group>"; };
		D7553C8319DBB3A400E327D4 /* UIImageView+WebCache.h */ = {isa = PBXFileReference; fileEncoding = 4; lastKnownFileType = sourcecode.c.h; path = "UIImageView+WebCache.h"; sourceTree = "<group>"; };
		D7553C8419DBB3A400E327D4 /* UIImageView+WebCache.m */ = {isa = PBXFileReference; fileEncoding = 4; lastKnownFileType = sourcecode.c.objc; path = "UIImageView+WebCache.m"; sourceTree = "<group>"; };
		D7553C9319DBBDCC00E327D4 /* YRUser.h */ = {isa = PBXFileReference; fileEncoding = 4; lastKnownFileType = sourcecode.c.h; path = YRUser.h; sourceTree = "<group>"; };
		D7553C9419DBBDCC00E327D4 /* YRUser.m */ = {isa = PBXFileReference; fileEncoding = 4; lastKnownFileType = sourcecode.c.objc; path = YRUser.m; sourceTree = "<group>"; };
		D7F8BAF719DC4A5A008C25FD /* YRStatusToolBar.h */ = {isa = PBXFileReference; fileEncoding = 4; lastKnownFileType = sourcecode.c.h; path = YRStatusToolBar.h; sourceTree = "<group>"; };
		D7F8BAF819DC4A5A008C25FD /* YRStatusToolBar.m */ = {isa = PBXFileReference; fileEncoding = 4; lastKnownFileType = sourcecode.c.objc; path = YRStatusToolBar.m; sourceTree = "<group>"; };
/* End PBXFileReference section */

/* Begin PBXFrameworksBuildPhase section */
		D7553B9E19DB849200E327D4 /* Frameworks */ = {
			isa = PBXFrameworksBuildPhase;
			buildActionMask = 2147483647;
			files = (
				D7553BA719DB849200E327D4 /* CoreGraphics.framework in Frameworks */,
				D7553BA919DB849200E327D4 /* UIKit.framework in Frameworks */,
				D7553BA519DB849200E327D4 /* Foundation.framework in Frameworks */,
			);
			runOnlyForDeploymentPostprocessing = 0;
		};
		D7553BB919DB849200E327D4 /* Frameworks */ = {
			isa = PBXFrameworksBuildPhase;
			buildActionMask = 2147483647;
			files = (
				D7553BBE19DB849200E327D4 /* XCTest.framework in Frameworks */,
				D7553BC019DB849200E327D4 /* UIKit.framework in Frameworks */,
				D7553BBF19DB849200E327D4 /* Foundation.framework in Frameworks */,
			);
			runOnlyForDeploymentPostprocessing = 0;
		};
/* End PBXFrameworksBuildPhase section */

/* Begin PBXGroup section */
		D7553B9819DB849200E327D4 = {
			isa = PBXGroup;
			children = (
				D7553BAA19DB849200E327D4 /* YR1001WeiboDemo */,
				D7553BC319DB849200E327D4 /* YR1001WeiboDemoTests */,
				D7553BA319DB849200E327D4 /* Frameworks */,
				D7553BA219DB849200E327D4 /* Products */,
			);
			sourceTree = "<group>";
		};
		D7553BA219DB849200E327D4 /* Products */ = {
			isa = PBXGroup;
			children = (
				D7553BA119DB849200E327D4 /* YR1001WeiboDemo.app */,
				D7553BBC19DB849200E327D4 /* YR1001WeiboDemoTests.xctest */,
			);
			name = Products;
			sourceTree = "<group>";
		};
		D7553BA319DB849200E327D4 /* Frameworks */ = {
			isa = PBXGroup;
			children = (
				D7553BA419DB849200E327D4 /* Foundation.framework */,
				D7553BA619DB849200E327D4 /* CoreGraphics.framework */,
				D7553BA819DB849200E327D4 /* UIKit.framework */,
				D7553BBD19DB849200E327D4 /* XCTest.framework */,
			);
			name = Frameworks;
			sourceTree = "<group>";
		};
		D7553BAA19DB849200E327D4 /* YR1001WeiboDemo */ = {
			isa = PBXGroup;
			children = (
				D7553BB319DB849200E327D4 /* YRAppDelegate.h */,
				D7553BB419DB849200E327D4 /* YRAppDelegate.m */,
				D7553BD319DB84BC00E327D4 /* Home */,
				D7553BE119DB84BC00E327D4 /* Login&Guide */,
				D7553BE819DB84BC00E327D4 /* Main */,
				D7553BF819DB84BC00E327D4 /* Me */,
				D7553BFE19DB84BC00E327D4 /* Message */,
				D7553C0B19DB84BC00E327D4 /* Lib */,
				D7553C1819DB84BC00E327D4 /* Tool */,
				D7553BAB19DB849200E327D4 /* Supporting Files */,
			);
			path = YR1001WeiboDemo;
			sourceTree = "<group>";
		};
		D7553BAB19DB849200E327D4 /* Supporting Files */ = {
			isa = PBXGroup;
			children = (
				D7553C0219DB84BC00E327D4 /* Other */,
				D7553BAC19DB849200E327D4 /* YR1001WeiboDemo-Info.plist */,
				D7553BAD19DB849200E327D4 /* InfoPlist.strings */,
				D7553BB019DB849200E327D4 /* main.m */,
				D7553BB219DB849200E327D4 /* YR1001WeiboDemo-Prefix.pch */,
			);
			name = "Supporting Files";
			sourceTree = "<group>";
		};
		D7553BC319DB849200E327D4 /* YR1001WeiboDemoTests */ = {
			isa = PBXGroup;
			children = (
				D7553BC919DB849200E327D4 /* YR1001WeiboDemoTests.m */,
				D7553BC419DB849200E327D4 /* Supporting Files */,
			);
			path = YR1001WeiboDemoTests;
			sourceTree = "<group>";
		};
		D7553BC419DB849200E327D4 /* Supporting Files */ = {
			isa = PBXGroup;
			children = (
				D7553BC519DB849200E327D4 /* YR1001WeiboDemoTests-Info.plist */,
				D7553BC619DB849200E327D4 /* InfoPlist.strings */,
			);
			name = "Supporting Files";
			sourceTree = "<group>";
		};
		D7553BD319DB84BC00E327D4 /* Home */ = {
			isa = PBXGroup;
			children = (
				D7553BD419DB84BC00E327D4 /* Controller */,
				D7553BD719DB84BC00E327D4 /* Model */,
				D7553BDE19DB84BC00E327D4 /* View */,
			);
			path = Home;
			sourceTree = "<group>";
		};
		D7553BD419DB84BC00E327D4 /* Controller */ = {
			isa = PBXGroup;
			children = (
				D7553BD519DB84BC00E327D4 /* YRHomeViewController.h */,
				D7553BD619DB84BC00E327D4 /* YRHomeViewController.m */,
			);
			path = Controller;
			sourceTree = "<group>";
		};
		D7553BD719DB84BC00E327D4 /* Model */ = {
			isa = PBXGroup;
			children = (
				D7553BD819DB84BC00E327D4 /* YRStatus.h */,
				D7553BD919DB84BC00E327D4 /* YRStatus.m */,
				D7553C9319DBBDCC00E327D4 /* YRUser.h */,
				D7553C9419DBBDCC00E327D4 /* YRUser.m */,
				D7553BDC19DB84BC00E327D4 /* YRStatusFrame.h */,
				D7553BDD19DB84BC00E327D4 /* YRStatusFrame.m */,
				D71C03E919DD2594006F3659 /* YRPhoto.h */,
				D71C03EA19DD2594006F3659 /* YRPhoto.m */,
			);
			path = Model;
			sourceTree = "<group>";
		};
		D7553BDE19DB84BC00E327D4 /* View */ = {
			isa = PBXGroup;
			children = (
				D7553BDA19DB84BC00E327D4 /* YRStatusCell.h */,
				D7553BDB19DB84BC00E327D4 /* YRStatusCell.m */,
				D71C03E319DCE3A1006F3659 /* YRStatusTopView.h */,
				D71C03E419DCE3A1006F3659 /* YRStatusTopView.m */,
				D71C03E619DCE4B5006F3659 /* YRRetweetedStatusView.h */,
				D71C03E719DCE4B5006F3659 /* YRRetweetedStatusView.m */,
				D71C03EC19DD26D0006F3659 /* YRPhotosView.h */,
				D71C03ED19DD26D1006F3659 /* YRPhotosView.m */,
				D71C03EF19DD26E0006F3659 /* YRPhotoView.h */,
				D71C03F019DD26E0006F3659 /* YRPhotoView.m */,
				D7F8BAF719DC4A5A008C25FD /* YRStatusToolBar.h */,
				D7F8BAF819DC4A5A008C25FD /* YRStatusToolBar.m */,
				D7553BDF19DB84BC00E327D4 /* YRRCAButton.h */,
				D7553BE019DB84BC00E327D4 /* YRRCAButton.m */,
			);
			path = View;
			sourceTree = "<group>";
		};
		D7553BE119DB84BC00E327D4 /* Login&Guide */ = {
			isa = PBXGroup;
			children = (
				D7553BE219DB84BC00E327D4 /* Guide */,
				D7553BE519DB84BC00E327D4 /* Login */,
			);
			path = "Login&Guide";
			sourceTree = "<group>";
		};
		D7553BE219DB84BC00E327D4 /* Guide */ = {
			isa = PBXGroup;
			children = (
				D7553BE319DB84BC00E327D4 /* YRGuideViewController.h */,
				D7553BE419DB84BC00E327D4 /* YRGuideViewController.m */,
			);
			path = Guide;
			sourceTree = "<group>";
		};
		D7553BE519DB84BC00E327D4 /* Login */ = {
			isa = PBXGroup;
			children = (
				D7553BE619DB84BC00E327D4 /* YRLoginViewController.h */,
				D7553BE719DB84BC00E327D4 /* YRLoginViewController.m */,
			);
			path = Login;
			sourceTree = "<group>";
		};
		D7553BE819DB84BC00E327D4 /* Main */ = {
			isa = PBXGroup;
			children = (
				D7553BE919DB84BC00E327D4 /* ContentDefin.h */,
				D7553BEA19DB84BC00E327D4 /* Contoller */,
				D7553BF119DB84BC00E327D4 /* View */,
			);
			path = Main;
			sourceTree = "<group>";
		};
		D7553BEA19DB84BC00E327D4 /* Contoller */ = {
			isa = PBXGroup;
			children = (
				D7553BEB19DB84BC00E327D4 /* YRMainViewController.h */,
				D7553BEC19DB84BC00E327D4 /* YRMainViewController.m */,
				D7553BED19DB84BC00E327D4 /* YRSinaWeiboDelegate.h */,
				D7553BEE19DB84BC00E327D4 /* YRSinaWeiboDelegate.m */,
				D7553BEF19DB84BC00E327D4 /* YRViewControllerMangers.h */,
				D7553BF019DB84BC00E327D4 /* YRViewControllerMangers.m */,
			);
			path = Contoller;
			sourceTree = "<group>";
		};
		D7553BF119DB84BC00E327D4 /* View */ = {
			isa = PBXGroup;
			children = (
				D7553BF219DB84BC00E327D4 /* UIBarButtonItem+Custom.h */,
				D7553C4319DB88F200E327D4 /* CustomTitleButton.h */,
				D7553C4419DB88F200E327D4 /* CustomTitleButton.m */,
				D7553BF319DB84BC00E327D4 /* UIBarButtonItem+Custom.m */,
				D7553BF419DB84BC00E327D4 /* YRCustomTabBar.h */,
				D7553BF519DB84BC00E327D4 /* YRCustomTabBar.m */,
				D7553BF619DB84BC00E327D4 /* YRCustomTabBarButton.h */,
				D7553BF719DB84BC00E327D4 /* YRCustomTabBarButton.m */,
			);
			path = View;
			sourceTree = "<group>";
		};
		D7553BF819DB84BC00E327D4 /* Me */ = {
			isa = PBXGroup;
			children = (
				D7553BF919DB84BC00E327D4 /* Controller */,
				D7553BFC19DB84BC00E327D4 /* Model */,
				D7553BFD19DB84BC00E327D4 /* View */,
			);
			path = Me;
			sourceTree = "<group>";
		};
		D7553BF919DB84BC00E327D4 /* Controller */ = {
			isa = PBXGroup;
			children = (
				D7553BFA19DB84BC00E327D4 /* YRMeViewController.h */,
				D7553BFB19DB84BC00E327D4 /* YRMeViewController.m */,
			);
			path = Controller;
			sourceTree = "<group>";
		};
		D7553BFC19DB84BC00E327D4 /* Model */ = {
			isa = PBXGroup;
			children = (
			);
			path = Model;
			sourceTree = "<group>";
		};
		D7553BFD19DB84BC00E327D4 /* View */ = {
			isa = PBXGroup;
			children = (
			);
			path = View;
			sourceTree = "<group>";
		};
		D7553BFE19DB84BC00E327D4 /* Message */ = {
			isa = PBXGroup;
			children = (
				D7553BFF19DB84BC00E327D4 /* Controller */,
				D7553C0019DB84BC00E327D4 /* Model */,
				D7553C0119DB84BC00E327D4 /* View */,
			);
			path = Message;
			sourceTree = "<group>";
		};
		D7553BFF19DB84BC00E327D4 /* Controller */ = {
			isa = PBXGroup;
			children = (
				D7553C3A19DB874800E327D4 /* YRMessageViewController.h */,
				D7553C3B19DB874800E327D4 /* YRMessageViewController.m */,
			);
			path = Controller;
			sourceTree = "<group>";
		};
		D7553C0019DB84BC00E327D4 /* Model */ = {
			isa = PBXGroup;
			children = (
			);
			path = Model;
			sourceTree = "<group>";
		};
		D7553C0119DB84BC00E327D4 /* View */ = {
			isa = PBXGroup;
			children = (
			);
			path = View;
			sourceTree = "<group>";
		};
		D7553C0219DB84BC00E327D4 /* Other */ = {
			isa = PBXGroup;
			children = (
				D7553C0719DB84BC00E327D4 /* Images.xcassets */,
			);
			path = Other;
			sourceTree = "<group>";
		};
		D7553C0B19DB84BC00E327D4 /* Lib */ = {
			isa = PBXGroup;
			children = (
				D7553C6719DBB3A400E327D4 /* SDWebImage */,
				D7553C4A19DB98CB00E327D4 /* MJExtension */,
				D7553C4919DB98A700E327D4 /* XMLDictionary */,
				D7553C0C19DB84BC00E327D4 /* JSONKit */,
				D7553C0F19DB84BC00E327D4 /* SinaWeibo */,
			);
			name = Lib;
			path = SinaWeibo;
			sourceTree = "<group>";
		};
		D7553C0C19DB84BC00E327D4 /* JSONKit */ = {
			isa = PBXGroup;
			children = (
				D7553C0D19DB84BC00E327D4 /* JSONKit.h */,
				D7553C0E19DB84BC00E327D4 /* JSONKit.m */,
			);
			path = JSONKit;
			sourceTree = "<group>";
		};
		D7553C0F19DB84BC00E327D4 /* SinaWeibo */ = {
			isa = PBXGroup;
			children = (
				D7553C1019DB84BC00E327D4 /* SinaWeibo.bundle */,
				D7553C1119DB84BC00E327D4 /* SinaWeibo.h */,
				D7553C1219DB84BC00E327D4 /* SinaWeibo.m */,
				D7553C1319DB84BC00E327D4 /* SinaWeiboAuthorizeView.h */,
				D7553C1419DB84BC00E327D4 /* SinaWeiboAuthorizeView.m */,
				D7553C1519DB84BC00E327D4 /* SinaWeiboConstants.h */,
				D7553C1619DB84BC00E327D4 /* SinaWeiboRequest.h */,
				D7553C1719DB84BC00E327D4 /* SinaWeiboRequest.m */,
			);
			path = SinaWeibo;
			sourceTree = "<group>";
		};
		D7553C1819DB84BC00E327D4 /* Tool */ = {
			isa = PBXGroup;
			children = (
				D7553C4019DB884C00E327D4 /* NSString+Size.h */,
				D7553C4119DB884C00E327D4 /* NSString+Size.m */,
				D7553C1919DB84BC00E327D4 /* NSString+TimeGap.h */,
				D7553C1A19DB84BC00E327D4 /* NSString+TimeGap.m */,
				D7553C3719DB86A500E327D4 /* UIImage+Resize.h */,
				D7553C3819DB86A500E327D4 /* UIImage+Resize.m */,
			);
			path = Tool;
			sourceTree = "<group>";
		};
		D7553C4919DB98A700E327D4 /* XMLDictionary */ = {
			isa = PBXGroup;
			children = (
				D7553C3419DB85C800E327D4 /* XMLDictionary.h */,
				D7553C3519DB85C800E327D4 /* XMLDictionary.m */,
			);
			name = XMLDictionary;
			sourceTree = "<group>";
		};
		D7553C4A19DB98CB00E327D4 /* MJExtension */ = {
			isa = PBXGroup;
			children = (
				D7553C4B19DB98CB00E327D4 /* MJArgument.h */,
				D7553C4C19DB98CB00E327D4 /* MJArgument.m */,
				D7553C4D19DB98CB00E327D4 /* MJExtension.h */,
				D7553C4E19DB98CB00E327D4 /* MJIvar.h */,
				D7553C4F19DB98CB00E327D4 /* MJIvar.m */,
				D7553C5019DB98CB00E327D4 /* MJMember.h */,
				D7553C5119DB98CB00E327D4 /* MJMember.m */,
				D7553C5219DB98CB00E327D4 /* MJMethod.h */,
				D7553C5319DB98CB00E327D4 /* MJMethod.m */,
				D7553C5419DB98CB00E327D4 /* MJType.h */,
				D7553C5519DB98CB00E327D4 /* MJType.m */,
				D7553C5619DB98CB00E327D4 /* MJTypeEncoding.h */,
				D7553C5719DB98CB00E327D4 /* MJTypeEncoding.m */,
				D7553C5819DB98CB00E327D4 /* NSObject+MJCoding.h */,
				D7553C5919DB98CB00E327D4 /* NSObject+MJCoding.m */,
				D7553C5A19DB98CB00E327D4 /* NSObject+MJKeyValue.h */,
				D7553C5B19DB98CB00E327D4 /* NSObject+MJKeyValue.m */,
				D7553C5C19DB98CB00E327D4 /* NSObject+MJMember.h */,
				D7553C5D19DB98CB00E327D4 /* NSObject+MJMember.m */,
			);
			path = MJExtension;
			sourceTree = "<group>";
		};
		D7553C6719DBB3A400E327D4 /* SDWebImage */ = {
			isa = PBXGroup;
			children = (
				D7553C6819DBB3A400E327D4 /* MKAnnotationView+WebCache.h */,
				D7553C6919DBB3A400E327D4 /* MKAnnotationView+WebCache.m */,
				D7553C6A19DBB3A400E327D4 /* NSData+ImageContentType.h */,
				D7553C6B19DBB3A400E327D4 /* NSData+ImageContentType.m */,
				D7553C6C19DBB3A400E327D4 /* SDImageCache.h */,
				D7553C6D19DBB3A400E327D4 /* SDImageCache.m */,
				D7553C6E19DBB3A400E327D4 /* SDWebImageCompat.h */,
				D7553C6F19DBB3A400E327D4 /* SDWebImageCompat.m */,
				D7553C7019DBB3A400E327D4 /* SDWebImageDecoder.h */,
				D7553C7119DBB3A400E327D4 /* SDWebImageDecoder.m */,
				D7553C7219DBB3A400E327D4 /* SDWebImageDownloader.h */,
				D7553C7319DBB3A400E327D4 /* SDWebImageDownloader.m */,
				D7553C7419DBB3A400E327D4 /* SDWebImageDownloaderOperation.h */,
				D7553C7519DBB3A400E327D4 /* SDWebImageDownloaderOperation.m */,
				D7553C7619DBB3A400E327D4 /* SDWebImageManager.h */,
				D7553C7719DBB3A400E327D4 /* SDWebImageManager.m */,
				D7553C7819DBB3A400E327D4 /* SDWebImageOperation.h */,
				D7553C7919DBB3A400E327D4 /* SDWebImagePrefetcher.h */,
				D7553C7A19DBB3A400E327D4 /* SDWebImagePrefetcher.m */,
				D7553C7B19DBB3A400E327D4 /* UIButton+WebCache.h */,
				D7553C7C19DBB3A400E327D4 /* UIButton+WebCache.m */,
				D7553C7D19DBB3A400E327D4 /* UIImage+GIF.h */,
				D7553C7E19DBB3A400E327D4 /* UIImage+GIF.m */,
				D7553C7F19DBB3A400E327D4 /* UIImage+MultiFormat.h */,
				D7553C8019DBB3A400E327D4 /* UIImage+MultiFormat.m */,
				D7553C8119DBB3A400E327D4 /* UIImage+WebP.h */,
				D7553C8219DBB3A400E327D4 /* UIImage+WebP.m */,
				D7553C8319DBB3A400E327D4 /* UIImageView+WebCache.h */,
				D7553C8419DBB3A400E327D4 /* UIImageView+WebCache.m */,
			);
			path = SDWebImage;
			sourceTree = "<group>";
		};
/* End PBXGroup section */

/* Begin PBXNativeTarget section */
		D7553BA019DB849200E327D4 /* YR1001WeiboDemo */ = {
			isa = PBXNativeTarget;
			buildConfigurationList = D7553BCD19DB849200E327D4 /* Build configuration list for PBXNativeTarget "YR1001WeiboDemo" */;
			buildPhases = (
				D7553B9D19DB849200E327D4 /* Sources */,
				D7553B9E19DB849200E327D4 /* Frameworks */,
				D7553B9F19DB849200E327D4 /* Resources */,
			);
			buildRules = (
			);
			dependencies = (
			);
			name = YR1001WeiboDemo;
			productName = YR1001WeiboDemo;
			productReference = D7553BA119DB849200E327D4 /* YR1001WeiboDemo.app */;
			productType = "com.apple.product-type.application";
		};
		D7553BBB19DB849200E327D4 /* YR1001WeiboDemoTests */ = {
			isa = PBXNativeTarget;
			buildConfigurationList = D7553BD019DB849200E327D4 /* Build configuration list for PBXNativeTarget "YR1001WeiboDemoTests" */;
			buildPhases = (
				D7553BB819DB849200E327D4 /* Sources */,
				D7553BB919DB849200E327D4 /* Frameworks */,
				D7553BBA19DB849200E327D4 /* Resources */,
			);
			buildRules = (
			);
			dependencies = (
				D7553BC219DB849200E327D4 /* PBXTargetDependency */,
			);
			name = YR1001WeiboDemoTests;
			productName = YR1001WeiboDemoTests;
			productReference = D7553BBC19DB849200E327D4 /* YR1001WeiboDemoTests.xctest */;
			productType = "com.apple.product-type.bundle.unit-test";
		};
/* End PBXNativeTarget section */

/* Begin PBXProject section */
		D7553B9919DB849200E327D4 /* Project object */ = {
			isa = PBXProject;
			attributes = {
				CLASSPREFIX = YR;
				LastUpgradeCheck = 0510;
				ORGANIZATIONNAME = "___FULLUSERNAME___";
				TargetAttributes = {
					D7553BBB19DB849200E327D4 = {
						TestTargetID = D7553BA019DB849200E327D4;
					};
				};
			};
			buildConfigurationList = D7553B9C19DB849200E327D4 /* Build configuration list for PBXProject "YR1001WeiboDemo" */;
			compatibilityVersion = "Xcode 3.2";
			developmentRegion = English;
			hasScannedForEncodings = 0;
			knownRegions = (
				en,
				Base,
			);
			mainGroup = D7553B9819DB849200E327D4;
			productRefGroup = D7553BA219DB849200E327D4 /* Products */;
			projectDirPath = "";
			projectRoot = "";
			targets = (
				D7553BA019DB849200E327D4 /* YR1001WeiboDemo */,
				D7553BBB19DB849200E327D4 /* YR1001WeiboDemoTests */,
			);
		};
/* End PBXProject section */

/* Begin PBXResourcesBuildPhase section */
		D7553B9F19DB849200E327D4 /* Resources */ = {
			isa = PBXResourcesBuildPhase;
			buildActionMask = 2147483647;
			files = (
				D7553C2F19DB84BC00E327D4 /* SinaWeibo.bundle in Resources */,
				D7553C2B19DB84BC00E327D4 /* Images.xcassets in Resources */,
				D7553BAF19DB849200E327D4 /* InfoPlist.strings in Resources */,
			);
			runOnlyForDeploymentPostprocessing = 0;
		};
		D7553BBA19DB849200E327D4 /* Resources */ = {
			isa = PBXResourcesBuildPhase;
			buildActionMask = 2147483647;
			files = (
				D7553BC819DB849200E327D4 /* InfoPlist.strings in Resources */,
			);
			runOnlyForDeploymentPostprocessing = 0;
		};
/* End PBXResourcesBuildPhase section */

/* Begin PBXSourcesBuildPhase section */
		D7553B9D19DB849200E327D4 /* Sources */ = {
			isa = PBXSourcesBuildPhase;
			buildActionMask = 2147483647;
			files = (
				D71C03F119DD26E0006F3659 /* YRPhotoView.m in Sources */,
				D7553C6019DB98CB00E327D4 /* MJMember.m in Sources */,
				D7553C6219DB98CB00E327D4 /* MJType.m in Sources */,
				D7553C3919DB86A500E327D4 /* UIImage+Resize.m in Sources */,
				D7553C1C19DB84BC00E327D4 /* YRStatus.m in Sources */,
				D7553C8819DBB3A400E327D4 /* SDWebImageCompat.m in Sources */,
				D7553C3319DB84BC00E327D4 /* NSString+TimeGap.m in Sources */,
				D7553C4519DB88F200E327D4 /* CustomTitleButton.m in Sources */,
				D7553C8E19DBB3A400E327D4 /* UIButton+WebCache.m in Sources */,
				D7553C5E19DB98CB00E327D4 /* MJArgument.m in Sources */,
				D7553C1D19DB84BC00E327D4 /* YRStatusCell.m in Sources */,
				D7553C8C19DBB3A400E327D4 /* SDWebImageManager.m in Sources */,
				D7553C2E19DB84BC00E327D4 /* JSONKit.m in Sources */,
				D7553C2019DB84BC00E327D4 /* YRGuideViewController.m in Sources */,
				D7553C2419DB84BC00E327D4 /* YRViewControllerMangers.m in Sources */,
				D71C03E819DCE4B5006F3659 /* YRRetweetedStatusView.m in Sources */,
				D7553C8919DBB3A400E327D4 /* SDWebImageDecoder.m in Sources */,
				D7553C6319DB98CB00E327D4 /* MJTypeEncoding.m in Sources */,
				D7553C1F19DB84BC00E327D4 /* YRRCAButton.m in Sources */,
				D71C03E519DCE3A1006F3659 /* YRStatusTopView.m in Sources */,
				D7553C3619DB85C800E327D4 /* XMLDictionary.m in Sources */,
				D7553C2219DB84BC00E327D4 /* YRMainViewController.m in Sources */,
				D7553C9119DBB3A400E327D4 /* UIImage+WebP.m in Sources */,
				D7553BB119DB849200E327D4 /* main.m in Sources */,
				D71C03EB19DD2594006F3659 /* YRPhoto.m in Sources */,
				D7553C8B19DBB3A400E327D4 /* SDWebImageDownloaderOperation.m in Sources */,
				D7553BB519DB849200E327D4 /* YRAppDelegate.m in Sources */,
				D7553C8519DBB3A400E327D4 /* MKAnnotationView+WebCache.m in Sources */,
				D7553C6419DB98CB00E327D4 /* NSObject+MJCoding.m in Sources */,
				D7553C2519DB84BC00E327D4 /* UIBarButtonItem+Custom.m in Sources */,
				D7553C1E19DB84BC00E327D4 /* YRStatusFrame.m in Sources */,
				D71C03EE19DD26D1006F3659 /* YRPhotosView.m in Sources */,
				D7553C5F19DB98CB00E327D4 /* MJIvar.m in Sources */,
				D7553C4219DB884C00E327D4 /* NSString+Size.m in Sources */,
				D7F8BAF919DC4A5A008C25FD /* YRStatusToolBar.m in Sources */,
				D7553C9519DBBDCC00E327D4 /* YRUser.m in Sources */,
				D7553C3219DB84BC00E327D4 /* SinaWeiboRequest.m in Sources */,
				D7553C3019DB84BC00E327D4 /* SinaWeibo.m in Sources */,
				D7553C6519DB98CB00E327D4 /* NSObject+MJKeyValue.m in Sources */,
				D7553C2319DB84BC00E327D4 /* YRSinaWeiboDelegate.m in Sources */,
				D7553C2819DB84BC00E327D4 /* YRMeViewController.m in Sources */,
				D7553C6619DB98CB00E327D4 /* NSObject+MJMember.m in Sources */,
				D7553C6119DB98CB00E327D4 /* MJMethod.m in Sources */,
				D7553C2719DB84BC00E327D4 /* YRCustomTabBarButton.m in Sources */,
				D7553C8A19DBB3A400E327D4 /* SDWebImageDownloader.m in Sources */,
				D7553C3C19DB874800E327D4 /* YRMessageViewController.m in Sources */,
				D7553C8F19DBB3A400E327D4 /* UIImage+GIF.m in Sources */,
				D7553C1B19DB84BC00E327D4 /* YRHomeViewController.m in Sources */,
				D7553C8719DBB3A400E327D4 /* SDImageCache.m in Sources */,
				D7553C8619DBB3A400E327D4 /* NSData+ImageContentType.m in Sources */,
				D7553C2119DB84BC00E327D4 /* YRLoginViewController.m in Sources */,
				D7553C8D19DBB3A400E327D4 /* SDWebImagePrefetcher.m in Sources */,
				D7553C9019DBB3A400E327D4 /* UIImage+MultiFormat.m in Sources */,
				D7553C9219DBB3A400E327D4 /* UIImageView+WebCache.m in Sources */,
				D7553C3119DB84BC00E327D4 /* SinaWeiboAuthorizeView.m in Sources */,
				D7553C2619DB84BC00E327D4 /* YRCustomTabBar.m in Sources */,
			);
			runOnlyForDeploymentPostprocessing = 0;
		};
		D7553BB819DB849200E327D4 /* Sources */ = {
			isa = PBXSourcesBuildPhase;
			buildActionMask = 2147483647;
			files = (
				D7553BCA19DB849200E327D4 /* YR1001WeiboDemoTests.m in Sources */,
			);
			runOnlyForDeploymentPostprocessing = 0;
		};
/* End PBXSourcesBuildPhase section */

/* Begin PBXTargetDependency section */
		D7553BC219DB849200E327D4 /* PBXTargetDependency */ = {
			isa = PBXTargetDependency;
			target = D7553BA019DB849200E327D4 /* YR1001WeiboDemo */;
			targetProxy = D7553BC119DB849200E327D4 /* PBXContainerItemProxy */;
		};
/* End PBXTargetDependency section */

/* Begin PBXVariantGroup section */
		D7553BAD19DB849200E327D4 /* InfoPlist.strings */ = {
			isa = PBXVariantGroup;
			children = (
				D7553BAE19DB849200E327D4 /* en */,
			);
			name = InfoPlist.strings;
			sourceTree = "<group>";
		};
		D7553BC619DB849200E327D4 /* InfoPlist.strings */ = {
			isa = PBXVariantGroup;
			children = (
				D7553BC719DB849200E327D4 /* en */,
			);
			name = InfoPlist.strings;
			sourceTree = "<group>";
		};
/* End PBXVariantGroup section */

/* Begin XCBuildConfiguration section */
		D7553BCB19DB849200E327D4 /* Debug */ = {
			isa = XCBuildConfiguration;
			buildSettings = {
				ALWAYS_SEARCH_USER_PATHS = NO;
				CLANG_CXX_LANGUAGE_STANDARD = "gnu++0x";
				CLANG_CXX_LIBRARY = "libc++";
				CLANG_ENABLE_MODULES = YES;
				CLANG_ENABLE_OBJC_ARC = YES;
				CLANG_WARN_BOOL_CONVERSION = YES;
				CLANG_WARN_CONSTANT_CONVERSION = YES;
				CLANG_WARN_DIRECT_OBJC_ISA_USAGE = YES_ERROR;
				CLANG_WARN_EMPTY_BODY = YES;
				CLANG_WARN_ENUM_CONVERSION = YES;
				CLANG_WARN_INT_CONVERSION = YES;
				CLANG_WARN_OBJC_ROOT_CLASS = YES_ERROR;
				CLANG_WARN__DUPLICATE_METHOD_MATCH = YES;
				"CODE_SIGN_IDENTITY[sdk=iphoneos*]" = "iPhone Developer";
				COPY_PHASE_STRIP = NO;
				GCC_C_LANGUAGE_STANDARD = gnu99;
				GCC_DYNAMIC_NO_PIC = NO;
				GCC_OPTIMIZATION_LEVEL = 0;
				GCC_PREPROCESSOR_DEFINITIONS = (
					"DEBUG=1",
					"$(inherited)",
				);
				GCC_SYMBOLS_PRIVATE_EXTERN = NO;
				GCC_WARN_64_TO_32_BIT_CONVERSION = YES;
				GCC_WARN_ABOUT_RETURN_TYPE = YES_ERROR;
				GCC_WARN_UNDECLARED_SELECTOR = YES;
				GCC_WARN_UNINITIALIZED_AUTOS = YES_AGGRESSIVE;
				GCC_WARN_UNUSED_FUNCTION = YES;
				GCC_WARN_UNUSED_VARIABLE = YES;
				IPHONEOS_DEPLOYMENT_TARGET = 7.1;
				ONLY_ACTIVE_ARCH = YES;
				SDKROOT = iphoneos;
			};
			name = Debug;
		};
		D7553BCC19DB849200E327D4 /* Release */ = {
			isa = XCBuildConfiguration;
			buildSettings = {
				ALWAYS_SEARCH_USER_PATHS = NO;
				CLANG_CXX_LANGUAGE_STANDARD = "gnu++0x";
				CLANG_CXX_LIBRARY = "libc++";
				CLANG_ENABLE_MODULES = YES;
				CLANG_ENABLE_OBJC_ARC = YES;
				CLANG_WARN_BOOL_CONVERSION = YES;
				CLANG_WARN_CONSTANT_CONVERSION = YES;
				CLANG_WARN_DIRECT_OBJC_ISA_USAGE = YES_ERROR;
				CLANG_WARN_EMPTY_BODY = YES;
				CLANG_WARN_ENUM_CONVERSION = YES;
				CLANG_WARN_INT_CONVERSION = YES;
				CLANG_WARN_OBJC_ROOT_CLASS = YES_ERROR;
				CLANG_WARN__DUPLICATE_METHOD_MATCH = YES;
				"CODE_SIGN_IDENTITY[sdk=iphoneos*]" = "iPhone Developer";
				COPY_PHASE_STRIP = YES;
				ENABLE_NS_ASSERTIONS = NO;
				GCC_C_LANGUAGE_STANDARD = gnu99;
				GCC_WARN_64_TO_32_BIT_CONVERSION = YES;
				GCC_WARN_ABOUT_RETURN_TYPE = YES_ERROR;
				GCC_WARN_UNDECLARED_SELECTOR = YES;
				GCC_WARN_UNINITIALIZED_AUTOS = YES_AGGRESSIVE;
				GCC_WARN_UNUSED_FUNCTION = YES;
				GCC_WARN_UNUSED_VARIABLE = YES;
				IPHONEOS_DEPLOYMENT_TARGET = 7.1;
				SDKROOT = iphoneos;
				VALIDATE_PRODUCT = YES;
			};
			name = Release;
		};
		D7553BCE19DB849200E327D4 /* Debug */ = {
			isa = XCBuildConfiguration;
			buildSettings = {
				ASSETCATALOG_COMPILER_APPICON_NAME = AppIcon;
				ASSETCATALOG_COMPILER_LAUNCHIMAGE_NAME = LaunchImage;
				GCC_PRECOMPILE_PREFIX_HEADER = YES;
				GCC_PREFIX_HEADER = "YR1001WeiboDemo/YR1001WeiboDemo-Prefix.pch";
				INFOPLIST_FILE = "YR1001WeiboDemo/YR1001WeiboDemo-Info.plist";
				PRODUCT_NAME = "$(TARGET_NAME)";
				WRAPPER_EXTENSION = app;
			};
			name = Debug;
		};
		D7553BCF19DB849200E327D4 /* Release */ = {
			isa = XCBuildConfiguration;
			buildSettings = {
				ASSETCATALOG_COMPILER_APPICON_NAME = AppIcon;
				ASSETCATALOG_COMPILER_LAUNCHIMAGE_NAME = LaunchImage;
				GCC_PRECOMPILE_PREFIX_HEADER = YES;
				GCC_PREFIX_HEADER = "YR1001WeiboDemo/YR1001WeiboDemo-Prefix.pch";
				INFOPLIST_FILE = "YR1001WeiboDemo/YR1001WeiboDemo-Info.plist";
				PRODUCT_NAME = "$(TARGET_NAME)";
				WRAPPER_EXTENSION = app;
			};
			name = Release;
		};
		D7553BD119DB849200E327D4 /* Debug */ = {
			isa = XCBuildConfiguration;
			buildSettings = {
				BUNDLE_LOADER = "$(BUILT_PRODUCTS_DIR)/YR1001WeiboDemo.app/YR1001WeiboDemo";
				FRAMEWORK_SEARCH_PATHS = (
					"$(SDKROOT)/Developer/Library/Frameworks",
					"$(inherited)",
					"$(DEVELOPER_FRAMEWORKS_DIR)",
				);
				GCC_PRECOMPILE_PREFIX_HEADER = YES;
				GCC_PREFIX_HEADER = "YR1001WeiboDemo/YR1001WeiboDemo-Prefix.pch";
				GCC_PREPROCESSOR_DEFINITIONS = (
					"DEBUG=1",
					"$(inherited)",
				);
				INFOPLIST_FILE = "YR1001WeiboDemoTests/YR1001WeiboDemoTests-Info.plist";
				PRODUCT_NAME = "$(TARGET_NAME)";
				TEST_HOST = "$(BUNDLE_LOADER)";
				WRAPPER_EXTENSION = xctest;
			};
			name = Debug;
		};
		D7553BD219DB849200E327D4 /* Release */ = {
			isa = XCBuildConfiguration;
			buildSettings = {
				BUNDLE_LOADER = "$(BUILT_PRODUCTS_DIR)/YR1001WeiboDemo.app/YR1001WeiboDemo";
				FRAMEWORK_SEARCH_PATHS = (
					"$(SDKROOT)/Developer/Library/Frameworks",
					"$(inherited)",
					"$(DEVELOPER_FRAMEWORKS_DIR)",
				);
				GCC_PRECOMPILE_PREFIX_HEADER = YES;
				GCC_PREFIX_HEADER = "YR1001WeiboDemo/YR1001WeiboDemo-Prefix.pch";
				INFOPLIST_FILE = "YR1001WeiboDemoTests/YR1001WeiboDemoTests-Info.plist";
				PRODUCT_NAME = "$(TARGET_NAME)";
				TEST_HOST = "$(BUNDLE_LOADER)";
				WRAPPER_EXTENSION = xctest;
			};
			name = Release;
		};
/* End XCBuildConfiguration section */

/* Begin XCConfigurationList section */
		D7553B9C19DB849200E327D4 /* Build configuration list for PBXProject "YR1001WeiboDemo" */ = {
			isa = XCConfigurationList;
			buildConfigurations = (
				D7553BCB19DB849200E327D4 /* Debug */,
				D7553BCC19DB849200E327D4 /* Release */,
			);
			defaultConfigurationIsVisible = 0;
			defaultConfigurationName = Release;
		};
		D7553BCD19DB849200E327D4 /* Build configuration list for PBXNativeTarget "YR1001WeiboDemo" */ = {
			isa = XCConfigurationList;
			buildConfigurations = (
				D7553BCE19DB849200E327D4 /* Debug */,
				D7553BCF19DB849200E327D4 /* Release */,
			);
			defaultConfigurationIsVisible = 0;
			defaultConfigurationName = Release;
		};
		D7553BD019DB849200E327D4 /* Build configuration list for PBXNativeTarget "YR1001WeiboDemoTests" */ = {
			isa = XCConfigurationList;
			buildConfigurations = (
				D7553BD119DB849200E327D4 /* Debug */,
				D7553BD219DB849200E327D4 /* Release */,
			);
			defaultConfigurationIsVisible = 0;
			defaultConfigurationName = Release;
		};
/* End XCConfigurationList section */
	};
	rootObject = D7553B9919DB849200E327D4 /* Project object */;
}
